
Microsoft Visual Studio Solution File, Format Version 12.00
# Visual Studio Version 16
VisualStudioVersion = 16.0.31911.196
MinimumVisualStudioVersion = 10.0.40219.1
Project("{9A19103F-16F7-4668-BE54-9A1E7A4F7556}") = "DashboardApi", "DashboardApi\DashboardApi.csproj", "{BA5B45D7-EF9A-43F9-827B-B1FEF40E4A7A}"
EndProject
Project("{9A19103F-16F7-4668-BE54-9A1E7A4F7556}") = "PurchasesApi", "PurchasesApi\PurchasesApi.csproj", "{14B97407-C375-4B89-9950-412C955426F7}"
EndProject
Project("{9A19103F-16F7-4668-BE54-9A1E7A4F7556}") = "RecommendationsApi", "RecommendationApi\RecommendationsApi.csproj", "{D84D1931-F719-49EC-BCC3-1636A5B813C9}"
EndProject
Project("{9A19103F-16F7-4668-BE54-9A1E7A4F7556}") = "Api.Models", "Api.Models\Api.Models.csproj", "{3DA6BD4F-7C2B-4F45-9089-AB9C401E4A4E}"
EndProject
Project("{9A19103F-16F7-4668-BE54-9A1E7A4F7556}") = "AWSECSServiceDotNet", "AWSECSServiceDotNet\AWSECSServiceDotNet.csproj", "{E5976C26-3CC3-457F-9408-82C14980B2C9}"
EndProject
Global
	GlobalSection(SolutionConfigurationPlatforms) = preSolution
		Debug|Any CPU = Debug|Any CPU
		Release|Any CPU = Release|Any CPU
	EndGlobalSection
	GlobalSection(ProjectConfigurationPlatforms) = postSolution
		{BA5B45D7-EF9A-43F9-827B-B1FEF40E4A7A}.Debug|Any CPU.ActiveCfg = Debug|Any CPU
		{BA5B45D7-EF9A-43F9-827B-B1FEF40E4A7A}.Debug|Any CPU.Build.0 = Debug|Any CPU
		{BA5B45D7-EF9A-43F9-827B-B1FEF40E4A7A}.Release|Any CPU.ActiveCfg = Release|Any CPU
		{BA5B45D7-EF9A-43F9-827B-B1FEF40E4A7A}.Release|Any CPU.Build.0 = Release|Any CPU
		{14B97407-C375-4B89-9950-412C955426F7}.Debug|Any CPU.ActiveCfg = Debug|Any CPU
		{14B97407-C375-4B89-9950-412C955426F7}.Debug|Any CPU.Build.0 = Debug|Any CPU
		{14B97407-C375-4B89-9950-412C955426F7}.Release|Any CPU.ActiveCfg = Release|Any CPU
		{14B97407-C375-4B89-9950-412C955426F7}.Release|Any CPU.Build.0 = Release|Any CPU
		{D84D1931-F719-49EC-BCC3-1636A5B813C9}.Debug|Any CPU.ActiveCfg = Debug|Any CPU
		{D84D1931-F719-49EC-BCC3-1636A5B813C9}.Debug|Any CPU.Build.0 = Debug|Any CPU
		{D84D1931-F719-49EC-BCC3-1636A5B813C9}.Release|Any CPU.ActiveCfg = Release|Any CPU
		{D84D1931-F719-49EC-BCC3-1636A5B813C9}.Release|Any CPU.Build.0 = Release|Any CPU
		{3DA6BD4F-7C2B-4F45-9089-AB9C401E4A4E}.Debug|Any CPU.ActiveCfg = Debug|Any CPU
		{3DA6BD4F-7C2B-4F45-9089-AB9C401E4A4E}.Debug|Any CPU.Build.0 = Debug|Any CPU
		{3DA6BD4F-7C2B-4F45-9089-AB9C401E4A4E}.Release|Any CPU.ActiveCfg = Release|Any CPU
		{3DA6BD4F-7C2B-4F45-9089-AB9C401E4A4E}.Release|Any CPU.Build.0 = Release|Any CPU
		{E5976C26-3CC3-457F-9408-82C14980B2C9}.Debug|Any CPU.ActiveCfg = Debug|Any CPU
		{E5976C26-3CC3-457F-9408-82C14980B2C9}.Debug|Any CPU.Build.0 = Debug|Any CPU
		{E5976C26-3CC3-457F-9408-82C14980B2C9}.Release|Any CPU.ActiveCfg = Release|Any CPU
		{E5976C26-3CC3-457F-9408-82C14980B2C9}.Release|Any CPU.Build.0 = Release|Any CPU
	EndGlobalSection
	GlobalSection(SolutionProperties) = preSolution
		HideSolutionNode = FALSE
	EndGlobalSection
	GlobalSection(ExtensibilityGlobals) = postSolution
		SolutionGuid = {812469C0-3330-4DDD-8354-3DA243EF8821}
	EndGlobalSection
EndGlobal
